
Microsoft Visual Studio Solution File, Format Version 12.00
# Visual Studio Version 17
VisualStudioVersion = 17.8.34330.188
MinimumVisualStudioVersion = 10.0.40219.1
Project("{FAE04EC0-301F-11D3-BF4B-00C04F79EFBC}") = "ListaProduktow.Android", "ListaProduktow\ListaProduktow.Android\ListaProduktow.Android.csproj", "{29AB5838-8216-4FF2-8008-494164F96A20}"
EndProject
Project("{FAE04EC0-301F-11D3-BF4B-00C04F79EFBC}") = "ListaProduktow", "ListaProduktow\ListaProduktow\ListaProduktow.csproj", "{5D173F4A-7040-41C0-9428-016B33525025}"
EndProject
Global
	GlobalSection(SolutionConfigurationPlatforms) = preSolution
		Debug|Any CPU = Debug|Any CPU
		Release|Any CPU = Release|Any CPU
	EndGlobalSection
	GlobalSection(ProjectConfigurationPlatforms) = postSolution
		{29AB5838-8216-4FF2-8008-494164F96A20}.Debug|Any CPU.ActiveCfg = Debug|Any CPU
		{29AB5838-8216-4FF2-8008-494164F96A20}.Debug|Any CPU.Build.0 = Debug|Any CPU
		{29AB5838-8216-4FF2-8008-494164F96A20}.Debug|Any CPU.Deploy.0 = Debug|Any CPU
		{29AB5838-8216-4FF2-8008-494164F96A20}.Release|Any CPU.ActiveCfg = Release|Any CPU
		{29AB5838-8216-4FF2-8008-494164F96A20}.Release|Any CPU.Build.0 = Release|Any CPU
		{29AB5838-8216-4FF2-8008-494164F96A20}.Release|Any CPU.Deploy.0 = Release|Any CPU
		{5D173F4A-7040-41C0-9428-016B33525025}.Debug|Any CPU.ActiveCfg = Debug|Any CPU
		{5D173F4A-7040-41C0-9428-016B33525025}.Debug|Any CPU.Build.0 = Debug|Any CPU
		{5D173F4A-7040-41C0-9428-016B33525025}.Debug|Any CPU.Deploy.0 = Debug|Any CPU
		{5D173F4A-7040-41C0-9428-016B33525025}.Release|Any CPU.ActiveCfg = Release|Any CPU
		{5D173F4A-7040-41C0-9428-016B33525025}.Release|Any CPU.Build.0 = Release|Any CPU
		{5D173F4A-7040-41C0-9428-016B33525025}.Release|Any CPU.Deploy.0 = Release|Any CPU
	EndGlobalSection
	GlobalSection(SolutionProperties) = preSolution
		HideSolutionNode = FALSE
	EndGlobalSection
	GlobalSection(ExtensibilityGlobals) = postSolution
		SolutionGuid = {D798A4D5-99B6-4134-90CD-1F8175529C77}
	EndGlobalSection
EndGlobal
